// !$*UTF8*$!
{
	archiveVersion = 1;
	classes = {
	};
	objectVersion = 55;
	objects = {

/* Begin PBXBuildFile section */
		5D19B94745DBD0CD384B5ADC /* Pods_ProtobufDemo.framework in Frameworks */ = {isa = PBXBuildFile; fileRef = 5C29AAE59DB45F2F57E9A3C7 /* Pods_ProtobufDemo.framework */; };
		9CED04E927A3BBF7005ECB4B /* AppDelegate.swift in Sources */ = {isa = PBXBuildFile; fileRef = 9CED04E827A3BBF7005ECB4B /* AppDelegate.swift */; };
		9CED04ED27A3BBF7005ECB4B /* ViewController.swift in Sources */ = {isa = PBXBuildFile; fileRef = 9CED04EC27A3BBF7005ECB4B /* ViewController.swift */; };
		9CED04F027A3BBF7005ECB4B /* Main.storyboard in Resources */ = {isa = PBXBuildFile; fileRef = 9CED04EE27A3BBF7005ECB4B /* Main.storyboard */; };
		9CED04F227A3BBF9005ECB4B /* Assets.xcassets in Resources */ = {isa = PBXBuildFile; fileRef = 9CED04F127A3BBF9005ECB4B /* Assets.xcassets */; };
		9CED04F527A3BBF9005ECB4B /* LaunchScreen.storyboard in Resources */ = {isa = PBXBuildFile; fileRef = 9CED04F327A3BBF9005ECB4B /* LaunchScreen.storyboard */; };
		9CED050A27A3C46B005ECB4B /* SwiftProtobuf in Frameworks */ = {isa = PBXBuildFile; productRef = 9CED050927A3C46B005ECB4B /* SwiftProtobuf */; };
		C42B6B6E27C3B58E001E9D9A /* sample.proto in Sources */ = {isa = PBXBuildFile; fileRef = C42B6B6D27C3B58E001E9D9A /* sample.proto */; };
		C42B6B7A27C3BCA1001E9D9A /* sample.grpc.swift in Sources */ = {isa = PBXBuildFile; fileRef = C42B6B7827C3BCA1001E9D9A /* sample.grpc.swift */; };
		C42B6B7B27C3BCA1001E9D9A /* sample.pb.swift in Sources */ = {isa = PBXBuildFile; fileRef = C42B6B7927C3BCA1001E9D9A /* sample.pb.swift */; };
		C42B6B8127C3BE9C001E9D9A /* GRPC in Frameworks */ = {isa = PBXBuildFile; productRef = C42B6B8027C3BE9C001E9D9A /* GRPC */; };
/* End PBXBuildFile section */

/* Begin PBXFileReference section */
		5C29AAE59DB45F2F57E9A3C7 /* Pods_ProtobufDemo.framework */ = {isa = PBXFileReference; explicitFileType = wrapper.framework; includeInIndex = 0; path = Pods_ProtobufDemo.framework; sourceTree = BUILT_PRODUCTS_DIR; };
		620DD13351A02CC69A45A71A /* Pods-ProtobufDemo.release.xcconfig */ = {isa = PBXFileReference; includeInIndex = 1; lastKnownFileType = text.xcconfig; name = "Pods-ProtobufDemo.release.xcconfig"; path = "Target Support Files/Pods-ProtobufDemo/Pods-ProtobufDemo.release.xcconfig"; sourceTree = "<group>"; };
		9CED04E527A3BBF7005ECB4B /* ProtobufDemo.app */ = {isa = PBXFileReference; explicitFileType = wrapper.application; includeInIndex = 0; path = ProtobufDemo.app; sourceTree = BUILT_PRODUCTS_DIR; };
		9CED04E827A3BBF7005ECB4B /* AppDelegate.swift */ = {isa = PBXFileReference; lastKnownFileType = sourcecode.swift; path = AppDelegate.swift; sourceTree = "<group>"; };
		9CED04EC27A3BBF7005ECB4B /* ViewController.swift */ = {isa = PBXFileReference; lastKnownFileType = sourcecode.swift; path = ViewController.swift; sourceTree = "<group>"; };
		9CED04EF27A3BBF7005ECB4B /* Base */ = {isa = PBXFileReference; lastKnownFileType = file.storyboard; name = Base; path = Base.lproj/Main.storyboard; sourceTree = "<group>"; };
		9CED04F127A3BBF9005ECB4B /* Assets.xcassets */ = {isa = PBXFileReference; lastKnownFileType = folder.assetcatalog; path = Assets.xcassets; sourceTree = "<group>"; };
		9CED04F427A3BBF9005ECB4B /* Base */ = {isa = PBXFileReference; lastKnownFileType = file.storyboard; name = Base; path = Base.lproj/LaunchScreen.storyboard; sourceTree = "<group>"; };
		9CED04F627A3BBF9005ECB4B /* Info.plist */ = {isa = PBXFileReference; lastKnownFileType = text.plist.xml; path = Info.plist; sourceTree = "<group>"; };
		B77D099F7F928B380482E293 /* Pods-ProtobufDemo.debug.xcconfig */ = {isa = PBXFileReference; includeInIndex = 1; lastKnownFileType = text.xcconfig; name = "Pods-ProtobufDemo.debug.xcconfig"; path = "Target Support Files/Pods-ProtobufDemo/Pods-ProtobufDemo.debug.xcconfig"; sourceTree = "<group>"; };
		C42B6B6D27C3B58E001E9D9A /* sample.proto */ = {isa = PBXFileReference; fileEncoding = 4; lastKnownFileType = sourcecode.protobuf; path = sample.proto; sourceTree = "<group>"; };
		C42B6B7827C3BCA1001E9D9A /* sample.grpc.swift */ = {isa = PBXFileReference; fileEncoding = 4; lastKnownFileType = sourcecode.swift; path = sample.grpc.swift; sourceTree = "<group>"; };
		C42B6B7927C3BCA1001E9D9A /* sample.pb.swift */ = {isa = PBXFileReference; fileEncoding = 4; lastKnownFileType = sourcecode.swift; path = sample.pb.swift; sourceTree = "<group>"; };
/* End PBXFileReference section */

/* Begin PBXFrameworksBuildPhase section */
		9CED04E227A3BBF7005ECB4B /* Frameworks */ = {
			isa = PBXFrameworksBuildPhase;
			buildActionMask = 2147483647;
			files = (
				9CED050A27A3C46B005ECB4B /* SwiftProtobuf in Frameworks */,
				5D19B94745DBD0CD384B5ADC /* Pods_ProtobufDemo.framework in Frameworks */,
				C42B6B8127C3BE9C001E9D9A /* GRPC in Frameworks */,
			);
			runOnlyForDeploymentPostprocessing = 0;
		};
/* End PBXFrameworksBuildPhase section */

/* Begin PBXGroup section */
		06B276B97CC1556E266C7952 /* Frameworks */ = {
			isa = PBXGroup;
			children = (
				5C29AAE59DB45F2F57E9A3C7 /* Pods_ProtobufDemo.framework */,
			);
			name = Frameworks;
			sourceTree = "<group>";
		};
		26E613DEB4F83B2B9F052A11 /* Pods */ = {
			isa = PBXGroup;
			children = (
				B77D099F7F928B380482E293 /* Pods-ProtobufDemo.debug.xcconfig */,
				620DD13351A02CC69A45A71A /* Pods-ProtobufDemo.release.xcconfig */,
			);
			path = Pods;
			sourceTree = "<group>";
		};
		9CED04DC27A3BBF7005ECB4B = {
			isa = PBXGroup;
			children = (
				9CED04E727A3BBF7005ECB4B /* ProtobufDemo */,
				9CED04E627A3BBF7005ECB4B /* Products */,
				26E613DEB4F83B2B9F052A11 /* Pods */,
				06B276B97CC1556E266C7952 /* Frameworks */,
			);
			sourceTree = "<group>";
		};
		9CED04E627A3BBF7005ECB4B /* Products */ = {
			isa = PBXGroup;
			children = (
				9CED04E527A3BBF7005ECB4B /* ProtobufDemo.app */,
			);
			name = Products;
			sourceTree = "<group>";
		};
		9CED04E727A3BBF7005ECB4B /* ProtobufDemo */ = {
			isa = PBXGroup;
			children = (
				9CED050327A3BC44005ECB4B /* Proto */,
				9CED04E827A3BBF7005ECB4B /* AppDelegate.swift */,
				9CED04EC27A3BBF7005ECB4B /* ViewController.swift */,
				9CED04EE27A3BBF7005ECB4B /* Main.storyboard */,
				9CED04F127A3BBF9005ECB4B /* Assets.xcassets */,
				9CED04F327A3BBF9005ECB4B /* LaunchScreen.storyboard */,
				9CED04F627A3BBF9005ECB4B /* Info.plist */,
			);
			path = ProtobufDemo;
			sourceTree = "<group>";
		};
		9CED050327A3BC44005ECB4B /* Proto */ = {
			isa = PBXGroup;
			children = (
				C42B6B6D27C3B58E001E9D9A /* sample.proto */,
				C42B6B7827C3BCA1001E9D9A /* sample.grpc.swift */,
				C42B6B7927C3BCA1001E9D9A /* sample.pb.swift */,
			);
			path = Proto;
			sourceTree = "<group>";
		};
/* End PBXGroup section */

/* Begin PBXNativeTarget section */
		9CED04E427A3BBF7005ECB4B /* ProtobufDemo */ = {
			isa = PBXNativeTarget;
			buildConfigurationList = 9CED04F927A3BBF9005ECB4B /* Build configuration list for PBXNativeTarget "ProtobufDemo" */;
			buildPhases = (
				7278CB290DBAB8019825EA80 /* [CP] Check Pods Manifest.lock */,
				9CED04E127A3BBF7005ECB4B /* Sources */,
				9CED04E227A3BBF7005ECB4B /* Frameworks */,
				9CED04E327A3BBF7005ECB4B /* Resources */,
			);
			buildRules = (
			);
			dependencies = (
			);
			name = ProtobufDemo;
			packageProductDependencies = (
				9CED050927A3C46B005ECB4B /* SwiftProtobuf */,
				C42B6B8027C3BE9C001E9D9A /* GRPC */,
			);
			productName = ProtobufDemo;
			productReference = 9CED04E527A3BBF7005ECB4B /* ProtobufDemo.app */;
			productType = "com.apple.product-type.application";
		};
/* End PBXNativeTarget section */

/* Begin PBXProject section */
		9CED04DD27A3BBF7005ECB4B /* Project object */ = {
			isa = PBXProject;
			attributes = {
				BuildIndependentTargetsInParallel = 1;
				LastSwiftUpdateCheck = 1310;
				LastUpgradeCheck = 1310;
				TargetAttributes = {
					9CED04E427A3BBF7005ECB4B = {
						CreatedOnToolsVersion = 13.1;
					};
				};
			};
			buildConfigurationList = 9CED04E027A3BBF7005ECB4B /* Build configuration list for PBXProject "ProtobufDemo" */;
			compatibilityVersion = "Xcode 13.0";
			developmentRegion = en;
			hasScannedForEncodings = 0;
			knownRegions = (
				en,
				Base,
			);
			mainGroup = 9CED04DC27A3BBF7005ECB4B;
			packageReferences = (
				9CED050827A3C46B005ECB4B /* XCRemoteSwiftPackageReference "swift-protobuf.git" */,
				C42B6B7F27C3BE9C001E9D9A /* XCRemoteSwiftPackageReference "grpc-swift.git" */,
			);
			productRefGroup = 9CED04E627A3BBF7005ECB4B /* Products */;
			projectDirPath = "";
			projectRoot = "";
			targets = (
				9CED04E427A3BBF7005ECB4B /* ProtobufDemo */,
			);
		};
/* End PBXProject section */

/* Begin PBXResourcesBuildPhase section */
		9CED04E327A3BBF7005ECB4B /* Resources */ = {
			isa = PBXResourcesBuildPhase;
			buildActionMask = 2147483647;
			files = (
				9CED04F527A3BBF9005ECB4B /* LaunchScreen.storyboard in Resources */,
				9CED04F227A3BBF9005ECB4B /* Assets.xcassets in Resources */,
				9CED04F027A3BBF7005ECB4B /* Main.storyboard in Resources */,
			);
			runOnlyForDeploymentPostprocessing = 0;
		};
/* End PBXResourcesBuildPhase section */

/* Begin PBXShellScriptBuildPhase section */
		7278CB290DBAB8019825EA80 /* [CP] Check Pods Manifest.lock */ = {
			isa = PBXShellScriptBuildPhase;
			buildActionMask = 2147483647;
			files = (
			);
			inputFileListPaths = (
			);
			inputPaths = (
				"${PODS_PODFILE_DIR_PATH}/Podfile.lock",
				"${PODS_ROOT}/Manifest.lock",
			);
			name = "[CP] Check Pods Manifest.lock";
			outputFileListPaths = (
			);
			outputPaths = (
				"$(DERIVED_FILE_DIR)/Pods-ProtobufDemo-checkManifestLockResult.txt",
			);
			runOnlyForDeploymentPostprocessing = 0;
			shellPath = /bin/sh;
			shellScript = "diff \"${PODS_PODFILE_DIR_PATH}/Podfile.lock\" \"${PODS_ROOT}/Manifest.lock\" > /dev/null\nif [ $? != 0 ] ; then\n    # print error to STDERR\n    echo \"error: The sandbox is not in sync with the Podfile.lock. Run 'pod install' or update your CocoaPods installation.\" >&2\n    exit 1\nfi\n# This output is used by Xcode 'outputs' to avoid re-running this script phase.\necho \"SUCCESS\" > \"${SCRIPT_OUTPUT_FILE_0}\"\n";
			showEnvVarsInLog = 0;
		};
/* End PBXShellScriptBuildPhase section */

/* Begin PBXSourcesBuildPhase section */
		9CED04E127A3BBF7005ECB4B /* Sources */ = {
			isa = PBXSourcesBuildPhase;
			buildActionMask = 2147483647;
			files = (
				C42B6B7B27C3BCA1001E9D9A /* sample.pb.swift in Sources */,
				C42B6B7A27C3BCA1001E9D9A /* sample.grpc.swift in Sources */,
				C42B6B6E27C3B58E001E9D9A /* sample.proto in Sources */,
				9CED04ED27A3BBF7005ECB4B /* ViewController.swift in Sources */,
				9CED04E927A3BBF7005ECB4B /* AppDelegate.swift in Sources */,
			);
			runOnlyForDeploymentPostprocessing = 0;
		};
/* End PBXSourcesBuildPhase section */

/* Begin PBXVariantGroup section */
		9CED04EE27A3BBF7005ECB4B /* Main.storyboard */ = {
			isa = PBXVariantGroup;
			children = (
				9CED04EF27A3BBF7005ECB4B /* Base */,
			);
			name = Main.storyboard;
			sourceTree = "<group>";
		};
		9CED04F327A3BBF9005ECB4B /* LaunchScreen.storyboard */ = {
			isa = PBXVariantGroup;
			children = (
				9CED04F427A3BBF9005ECB4B /* Base */,
			);
			name = LaunchScreen.storyboard;
			sourceTree = "<group>";
		};
/* End PBXVariantGroup section */

/* Begin XCBuildConfiguration section */
		9CED04F727A3BBF9005ECB4B /* Debug */ = {
			isa = XCBuildConfiguration;
			buildSettings = {
				ALWAYS_SEARCH_USER_PATHS = NO;
				CLANG_ANALYZER_NONNULL = YES;
				CLANG_ANALYZER_NUMBER_OBJECT_CONVERSION = YES_AGGRESSIVE;
				CLANG_CXX_LANGUAGE_STANDARD = "gnu++17";
				CLANG_CXX_LIBRARY = "libc++";
				CLANG_ENABLE_MODULES = YES;
				CLANG_ENABLE_OBJC_ARC = YES;
				CLANG_ENABLE_OBJC_WEAK = YES;
				CLANG_WARN_BLOCK_CAPTURE_AUTORELEASING = YES;
				CLANG_WARN_BOOL_CONVERSION = YES;
				CLANG_WARN_COMMA = YES;
				CLANG_WARN_CONSTANT_CONVERSION = YES;
				CLANG_WARN_DEPRECATED_OBJC_IMPLEMENTATIONS = YES;
				CLANG_WARN_DIRECT_OBJC_ISA_USAGE = YES_ERROR;
				CLANG_WARN_DOCUMENTATION_COMMENTS = YES;
				CLANG_WARN_EMPTY_BODY = YES;
				CLANG_WARN_ENUM_CONVERSION = YES;
				CLANG_WARN_INFINITE_RECURSION = YES;
				CLANG_WARN_INT_CONVERSION = YES;
				CLANG_WARN_NON_LITERAL_NULL_CONVERSION = YES;
				CLANG_WARN_OBJC_IMPLICIT_RETAIN_SELF = YES;
				CLANG_WARN_OBJC_LITERAL_CONVERSION = YES;
				CLANG_WARN_OBJC_ROOT_CLASS = YES_ERROR;
				CLANG_WARN_QUOTED_INCLUDE_IN_FRAMEWORK_HEADER = YES;
				CLANG_WARN_RANGE_LOOP_ANALYSIS = YES;
				CLANG_WARN_STRICT_PROTOTYPES = YES;
				CLANG_WARN_SUSPICIOUS_MOVE = YES;
				CLANG_WARN_UNGUARDED_AVAILABILITY = YES_AGGRESSIVE;
				CLANG_WARN_UNREACHABLE_CODE = YES;
				CLANG_WARN__DUPLICATE_METHOD_MATCH = YES;
				COPY_PHASE_STRIP = NO;
				DEBUG_INFORMATION_FORMAT = dwarf;
				ENABLE_STRICT_OBJC_MSGSEND = YES;
				ENABLE_TESTABILITY = YES;
				GCC_C_LANGUAGE_STANDARD = gnu11;
				GCC_DYNAMIC_NO_PIC = NO;
				GCC_NO_COMMON_BLOCKS = YES;
				GCC_OPTIMIZATION_LEVEL = 0;
				GCC_PREPROCESSOR_DEFINITIONS = (
					"DEBUG=1",
					"$(inherited)",
				);
				GCC_WARN_64_TO_32_BIT_CONVERSION = YES;
				GCC_WARN_ABOUT_RETURN_TYPE = YES_ERROR;
				GCC_WARN_UNDECLARED_SELECTOR = YES;
				GCC_WARN_UNINITIALIZED_AUTOS = YES_AGGRESSIVE;
				GCC_WARN_UNUSED_FUNCTION = YES;
				GCC_WARN_UNUSED_VARIABLE = YES;
				IPHONEOS_DEPLOYMENT_TARGET = 11.0;
				MTL_ENABLE_DEBUG_INFO = INCLUDE_SOURCE;
				MTL_FAST_MATH = YES;
				ONLY_ACTIVE_ARCH = YES;
				SDKROOT = iphoneos;
				SWIFT_ACTIVE_COMPILATION_CONDITIONS = DEBUG;
				SWIFT_OPTIMIZATION_LEVEL = "-Onone";
			};
			name = Debug;
		};
		9CED04F827A3BBF9005ECB4B /* Release */ = {
			isa = XCBuildConfiguration;
			buildSettings = {
				ALWAYS_SEARCH_USER_PATHS = NO;
				CLANG_ANALYZER_NONNULL = YES;
				CLANG_ANALYZER_NUMBER_OBJECT_CONVERSION = YES_AGGRESSIVE;
				CLANG_CXX_LANGUAGE_STANDARD = "gnu++17";
				CLANG_CXX_LIBRARY = "libc++";
				CLANG_ENABLE_MODULES = YES;
				CLANG_ENABLE_OBJC_ARC = YES;
				CLANG_ENABLE_OBJC_WEAK = YES;
				CLANG_WARN_BLOCK_CAPTURE_AUTORELEASING = YES;
				CLANG_WARN_BOOL_CONVERSION = YES;
				CLANG_WARN_COMMA = YES;
				CLANG_WARN_CONSTANT_CONVERSION = YES;
				CLANG_WARN_DEPRECATED_OBJC_IMPLEMENTATIONS = YES;
				CLANG_WARN_DIRECT_OBJC_ISA_USAGE = YES_ERROR;
				CLANG_WARN_DOCUMENTATION_COMMENTS = YES;
				CLANG_WARN_EMPTY_BODY = YES;
				CLANG_WARN_ENUM_CONVERSION = YES;
				CLANG_WARN_INFINITE_RECURSION = YES;
				CLANG_WARN_INT_CONVERSION = YES;
				CLANG_WARN_NON_LITERAL_NULL_CONVERSION = YES;
				CLANG_WARN_OBJC_IMPLICIT_RETAIN_SELF = YES;
				CLANG_WARN_OBJC_LITERAL_CONVERSION = YES;
				CLANG_WARN_OBJC_ROOT_CLASS = YES_ERROR;
				CLANG_WARN_QUOTED_INCLUDE_IN_FRAMEWORK_HEADER = YES;
				CLANG_WARN_RANGE_LOOP_ANALYSIS = YES;
				CLANG_WARN_STRICT_PROTOTYPES = YES;
				CLANG_WARN_SUSPICIOUS_MOVE = YES;
				CLANG_WARN_UNGUARDED_AVAILABILITY = YES_AGGRESSIVE;
				CLANG_WARN_UNREACHABLE_CODE = YES;
				CLANG_WARN__DUPLICATE_METHOD_MATCH = YES;
				COPY_PHASE_STRIP = NO;
				DEBUG_INFORMATION_FORMAT = "dwarf-with-dsym";
				ENABLE_NS_ASSERTIONS = NO;
				ENABLE_STRICT_OBJC_MSGSEND = YES;
				GCC_C_LANGUAGE_STANDARD = gnu11;
				GCC_NO_COMMON_BLOCKS = YES;
				GCC_WARN_64_TO_32_BIT_CONVERSION = YES;
				GCC_WARN_ABOUT_RETURN_TYPE = YES_ERROR;
				GCC_WARN_UNDECLARED_SELECTOR = YES;
				GCC_WARN_UNINITIALIZED_AUTOS = YES_AGGRESSIVE;
				GCC_WARN_UNUSED_FUNCTION = YES;
				GCC_WARN_UNUSED_VARIABLE = YES;
				IPHONEOS_DEPLOYMENT_TARGET = 11.0;
				MTL_ENABLE_DEBUG_INFO = NO;
				MTL_FAST_MATH = YES;
				SDKROOT = iphoneos;
				SWIFT_COMPILATION_MODE = wholemodule;
				SWIFT_OPTIMIZATION_LEVEL = "-O";
				VALIDATE_PRODUCT = YES;
			};
			name = Release;
		};
		9CED04FA27A3BBF9005ECB4B /* Debug */ = {
			isa = XCBuildConfiguration;
			baseConfigurationReference = B77D099F7F928B380482E293 /* Pods-ProtobufDemo.debug.xcconfig */;
			buildSettings = {
				ASSETCATALOG_COMPILER_APPICON_NAME = AppIcon;
				ASSETCATALOG_COMPILER_GLOBAL_ACCENT_COLOR_NAME = AccentColor;
				CODE_SIGN_STYLE = Automatic;
				CURRENT_PROJECT_VERSION = 1;
				DEVELOPMENT_TEAM = 8TZV87362F;
				GENERATE_INFOPLIST_FILE = YES;
				INFOPLIST_FILE = ProtobufDemo/Info.plist;
				INFOPLIST_KEY_UIApplicationSupportsIndirectInputEvents = YES;
				INFOPLIST_KEY_UILaunchStoryboardName = LaunchScreen;
				INFOPLIST_KEY_UIMainStoryboardFile = Main;
				INFOPLIST_KEY_UISupportedInterfaceOrientations_iPad = "UIInterfaceOrientationPortrait UIInterfaceOrientationPortraitUpsideDown UIInterfaceOrientationLandscapeLeft UIInterfaceOrientationLandscapeRight";
				INFOPLIST_KEY_UISupportedInterfaceOrientations_iPhone = "UIInterfaceOrientationPortrait UIInterfaceOrientationLandscapeLeft UIInterfaceOrientationLandscapeRight";
				IPHONEOS_DEPLOYMENT_TARGET = 11.0;
				LD_RUNPATH_SEARCH_PATHS = (
					"$(inherited)",
					"@executable_path/Frameworks",
				);
				MARKETING_VERSION = 1.0;
				PRODUCT_BUNDLE_IDENTIFIER = ayushP.ProtobufDemo;
				PRODUCT_NAME = "$(TARGET_NAME)";
				SWIFT_EMIT_LOC_STRINGS = YES;
				SWIFT_VERSION = 5.0;
				TARGETED_DEVICE_FAMILY = 1;
			};
			name = Debug;
		};
		9CED04FB27A3BBF9005ECB4B /* Release */ = {
			isa = XCBuildConfiguration;
			baseConfigurationReference = 620DD13351A02CC69A45A71A /* Pods-ProtobufDemo.release.xcconfig */;
			buildSettings = {
				ASSETCATALOG_COMPILER_APPICON_NAME = AppIcon;
				ASSETCATALOG_COMPILER_GLOBAL_ACCENT_COLOR_NAME = AccentColor;
				CODE_SIGN_STYLE = Automatic;
				CURRENT_PROJECT_VERSION = 1;
				DEVELOPMENT_TEAM = 8TZV87362F;
				GENERATE_INFOPLIST_FILE = YES;
				INFOPLIST_FILE = ProtobufDemo/Info.plist;
				INFOPLIST_KEY_UIApplicationSupportsIndirectInputEvents = YES;
				INFOPLIST_KEY_UILaunchStoryboardName = LaunchScreen;
				INFOPLIST_KEY_UIMainStoryboardFile = Main;
				INFOPLIST_KEY_UISupportedInterfaceOrientations_iPad = "UIInterfaceOrientationPortrait UIInterfaceOrientationPortraitUpsideDown UIInterfaceOrientationLandscapeLeft UIInterfaceOrientationLandscapeRight";
				INFOPLIST_KEY_UISupportedInterfaceOrientations_iPhone = "UIInterfaceOrientationPortrait UIInterfaceOrientationLandscapeLeft UIInterfaceOrientationLandscapeRight";
				IPHONEOS_DEPLOYMENT_TARGET = 11.0;
				LD_RUNPATH_SEARCH_PATHS = (
					"$(inherited)",
					"@executable_path/Frameworks",
				);
				MARKETING_VERSION = 1.0;
				PRODUCT_BUNDLE_IDENTIFIER = ayushP.ProtobufDemo;
				PRODUCT_NAME = "$(TARGET_NAME)";
				SWIFT_EMIT_LOC_STRINGS = YES;
				SWIFT_VERSION = 5.0;
				TARGETED_DEVICE_FAMILY = 1;
			};
			name = Release;
		};
/* End XCBuildConfiguration section */

/* Begin XCConfigurationList section */
		9CED04E027A3BBF7005ECB4B /* Build configuration list for PBXProject "ProtobufDemo" */ = {
			isa = XCConfigurationList;
			buildConfigurations = (
				9CED04F727A3BBF9005ECB4B /* Debug */,
				9CED04F827A3BBF9005ECB4B /* Release */,
			);
			defaultConfigurationIsVisible = 0;
			defaultConfigurationName = Release;
		};
		9CED04F927A3BBF9005ECB4B /* Build configuration list for PBXNativeTarget "ProtobufDemo" */ = {
			isa = XCConfigurationList;
			buildConfigurations = (
				9CED04FA27A3BBF9005ECB4B /* Debug */,
				9CED04FB27A3BBF9005ECB4B /* Release */,
			);
			defaultConfigurationIsVisible = 0;
			defaultConfigurationName = Release;
		};
/* End XCConfigurationList section */

/* Begin XCRemoteSwiftPackageReference section */
		9CED050827A3C46B005ECB4B /* XCRemoteSwiftPackageReference "swift-protobuf.git" */ = {
			isa = XCRemoteSwiftPackageReference;
			repositoryURL = "https://github.com/apple/swift-protobuf.git";
			requirement = {
				kind = upToNextMajorVersion;
				minimumVersion = 1.0.0;
			};
		};
		C42B6B7F27C3BE9C001E9D9A /* XCRemoteSwiftPackageReference "grpc-swift.git" */ = {
			isa = XCRemoteSwiftPackageReference;
			repositoryURL = "https://github.com/grpc/grpc-swift.git";
			requirement = {
				branch = main;
				kind = branch;
			};
		};
/* End XCRemoteSwiftPackageReference section */

/* Begin XCSwiftPackageProductDependency section */
		9CED050927A3C46B005ECB4B /* SwiftProtobuf */ = {
			isa = XCSwiftPackageProductDependency;
			package = 9CED050827A3C46B005ECB4B /* XCRemoteSwiftPackageReference "swift-protobuf.git" */;
			productName = SwiftProtobuf;
		};
		C42B6B8027C3BE9C001E9D9A /* GRPC */ = {
			isa = XCSwiftPackageProductDependency;
			package = C42B6B7F27C3BE9C001E9D9A /* XCRemoteSwiftPackageReference "grpc-swift.git" */;
			productName = GRPC;
		};
/* End XCSwiftPackageProductDependency section */
	};
	rootObject = 9CED04DD27A3BBF7005ECB4B /* Project object */;
}
